
Microsoft Visual Studio Solution File, Format Version 12.00
# Visual Studio Version 17
VisualStudioVersion = 17.11.35222.181
MinimumVisualStudioVersion = 10.0.40219.1
Project("{FAE04EC0-301F-11D3-BF4B-00C04F79EFBC}") = "SevenStoreMVC", "SevenStoreMVC\SevenStoreMVC.csproj", "{C41E4F76-A893-4BC4-8243-F19FFEDF8524}"
EndProject
Global
	GlobalSection(SolutionConfigurationPlatforms) = preSolution
		Debug|Any CPU = Debug|Any CPU
		Release|Any CPU = Release|Any CPU
	EndGlobalSection
	GlobalSection(ProjectConfigurationPlatforms) = postSolution
		{C41E4F76-A893-4BC4-8243-F19FFEDF8524}.Debug|Any CPU.ActiveCfg = Debug|Any CPU
		{C41E4F76-A893-4BC4-8243-F19FFEDF8524}.Debug|Any CPU.Build.0 = Debug|Any CPU
		{C41E4F76-A893-4BC4-8243-F19FFEDF8524}.Release|Any CPU.ActiveCfg = Release|Any CPU
		{C41E4F76-A893-4BC4-8243-F19FFEDF8524}.Release|Any CPU.Build.0 = Release|Any CPU
	EndGlobalSection
	GlobalSection(SolutionProperties) = preSolution
		HideSolutionNode = FALSE
	EndGlobalSection
	GlobalSection(ExtensibilityGlobals) = postSolution
		SolutionGuid = {331C3B60-CA7E-4638-BB63-021F0007AB78}
	EndGlobalSection
EndGlobal
